<?xml version="1.0" encoding="UTF-8" standalone="yes" ?>
<CodeBlocks_project_file>
	<FileVersion major="1" minor="6" />
	<Project>
		<Option title="csvfix" />
		<Option pch_mode="2" />
		<Option compiler="gcc" />
		<Build>
			<Target title="Debug">
				<Option output="bin\csvfix" prefix_auto="1" extension_auto="1" />
				<Option object_output="obj\Debug\" />
				<Option type="1" />
				<Option compiler="gcc" />
				<Compiler>
					<Add option="-std=c++0x" />
					<Add option="-g" />
				</Compiler>
			</Target>
			<Target title="Release">
				<Option output="bin\csvfix" prefix_auto="1" extension_auto="1" />
				<Option object_output="obj\Release\" />
				<Option type="1" />
				<Option compiler="gcc" />
				<Compiler>
					<Add option="-O2" />
				</Compiler>
				<Linker>
					<Add option="-s" />
				</Linker>
			</Target>
		</Build>
		<Compiler>
			<Add option="-Wall" />
			<Add option="-fexceptions" />
			<Add directory="inc" />
			<Add directory="..\alib\inc" />
		</Compiler>
		<Linker>
			<Add library="..\alib\lib\alib.a" />
			<Add library="libodbc32.a" />
		</Linker>
		<Unit filename="..\alib\inc\_template.h" />
		<Unit filename="..\alib\inc\a_assert.h" />
		<Unit filename="..\alib\inc\a_base.h" />
		<Unit filename="..\alib\inc\a_chsrc.h" />
		<Unit filename="..\alib\inc\a_collect.h" />
		<Unit filename="..\alib\inc\a_csv.h" />
		<Unit filename="..\alib\inc\a_date.h" />
		<Unit filename="..\alib\inc\a_db.h" />
		<Unit filename="..\alib\inc\a_dict.h" />
		<Unit filename="..\alib\inc\a_enc.h" />
		<Unit filename="..\alib\inc\a_env.h" />
		<Unit filename="..\alib\inc\a_except.h" />
		<Unit filename="..\alib\inc\a_exec.h" />
		<Unit filename="..\alib\inc\a_expr.h" />
		<Unit filename="..\alib\inc\a_file.h" />
		<Unit filename="..\alib\inc\a_html.h" />
		<Unit filename="..\alib\inc\a_myth.h" />
		<Unit filename="..\alib\inc\a_nameval.h" />
		<Unit filename="..\alib\inc\a_rand.h" />
		<Unit filename="..\alib\inc\a_regex.h" />
		<Unit filename="..\alib\inc\a_shstr.h" />
		<Unit filename="..\alib\inc\a_slice.h" />
		<Unit filename="..\alib\inc\a_sort.h" />
		<Unit filename="..\alib\inc\a_str.h" />
		<Unit filename="..\alib\inc\a_table.h" />
		<Unit filename="..\alib\inc\a_test.h" />
		<Unit filename="..\alib\inc\a_time.h" />
		<Unit filename="..\alib\inc\a_valptr.h" />
		<Unit filename="..\alib\inc\a_xmlevents.h" />
		<Unit filename="..\alib\inc\a_xmlparser.h" />
		<Unit filename="..\alib\inc\a_xmltree.h" />
		<Unit filename="csvfix.rc">
			<Option compilerVar="WINDRES" />
		</Unit>
		<Unit filename="inc\csved_atable.h" />
		<Unit filename="inc\csved_case.h" />
		<Unit filename="inc\csved_cli.h" />
		<Unit filename="inc\csved_command.h" />
		<Unit filename="inc\csved_date.h" />
		<Unit filename="inc\csved_diff.h" />
		<Unit filename="inc\csved_dsv.h" />
		<Unit filename="inc\csved_echo.h" />
		<Unit filename="inc\csved_edit.h" />
		<Unit filename="inc\csved_escape.h" />
		<Unit filename="inc\csved_eval.h" />
		<Unit filename="inc\csved_except.h" />
		<Unit filename="inc\csved_exclude.h" />
		<Unit filename="inc\csved_exec.h" />
		<Unit filename="inc\csved_fileinfo.h" />
		<Unit filename="inc\csved_filesplit.h" />
		<Unit filename="inc\csved_find.h" />
		<Unit filename="inc\csved_fixed.h" />
		<Unit filename="inc\csved_flatten.h" />
		<Unit filename="inc\csved_fromxml.h" />
		<Unit filename="inc\csved_inter.h" />
		<Unit filename="inc\csved_ioman.h" />
		<Unit filename="inc\csved_join.h" />
		<Unit filename="inc\csved_map.h" />
		<Unit filename="inc\csved_merge.h" />
		<Unit filename="inc\csved_odbc.h" />
		<Unit filename="inc\csved_order.h" />
		<Unit filename="inc\csved_printf.h" />
		<Unit filename="inc\csved_put.h" />
		<Unit filename="inc\csved_readmulti.h" />
		<Unit filename="inc\csved_rmnewline.h" />
		<Unit filename="inc\csved_rules.h" />
		<Unit filename="inc\csved_seq.h" />
		<Unit filename="inc\csved_shuffle.h" />
		<Unit filename="inc\csved_sort.h" />
		<Unit filename="inc\csved_split.h" />
		<Unit filename="inc\csved_sql.h" />
		<Unit filename="inc\csved_strings.h" />
		<Unit filename="inc\csved_sum.h" />
		<Unit filename="inc\csved_template.h" />
		<Unit filename="inc\csved_toxml.h" />
		<Unit filename="inc\csved_trim.h" />
		<Unit filename="inc\csved_truncpad.h" />
		<Unit filename="inc\csved_types.h" />
		<Unit filename="inc\csved_unique.h" />
		<Unit filename="inc\csved_util.h" />
		<Unit filename="inc\csved_valid.h" />
		<Unit filename="inc\csved_version.h" />
		<Unit filename="src\csved_atable.cpp" />
		<Unit filename="src\csved_case.cpp" />
		<Unit filename="src\csved_cli.cpp" />
		<Unit filename="src\csved_command.cpp" />
		<Unit filename="src\csved_date.cpp" />
		<Unit filename="src\csved_diff.cpp" />
		<Unit filename="src\csved_dsv.cpp" />
		<Unit filename="src\csved_echo.cpp" />
		<Unit filename="src\csved_edit.cpp" />
		<Unit filename="src\csved_escape.cpp" />
		<Unit filename="src\csved_eval.cpp" />
		<Unit filename="src\csved_except.cpp" />
		<Unit filename="src\csved_exclude.cpp" />
		<Unit filename="src\csved_exec.cpp" />
		<Unit filename="src\csved_fileinfo.cpp" />
		<Unit filename="src\csved_filesplit.cpp" />
		<Unit filename="src\csved_find.cpp" />
		<Unit filename="src\csved_fixed.cpp" />
		<Unit filename="src\csved_flatten.cpp" />
		<Unit filename="src\csved_fromxml.cpp" />
		<Unit filename="src\csved_inter.cpp" />
		<Unit filename="src\csved_ioman.cpp" />
		<Unit filename="src\csved_join.cpp" />
		<Unit filename="src\csved_main.cpp" />
		<Unit filename="src\csved_map.cpp" />
		<Unit filename="src\csved_merge.cpp" />
		<Unit filename="src\csved_odbc.cpp" />
		<Unit filename="src\csved_order.cpp" />
		<Unit filename="src\csved_printf.cpp" />
		<Unit filename="src\csved_put.cpp" />
		<Unit filename="src\csved_readmulti.cpp" />
		<Unit filename="src\csved_rmnewline.cpp" />
		<Unit filename="src\csved_rules.cpp" />
		<Unit filename="src\csved_seq.cpp" />
		<Unit filename="src\csved_shuffle.cpp" />
		<Unit filename="src\csved_sort.cpp" />
		<Unit filename="src\csved_split.cpp" />
		<Unit filename="src\csved_sql.cpp" />
		<Unit filename="src\csved_sum.cpp" />
		<Unit filename="src\csved_template.cpp" />
		<Unit filename="src\csved_toxml.cpp" />
		<Unit filename="src\csved_trim.cpp" />
		<Unit filename="src\csved_truncpad.cpp" />
		<Unit filename="src\csved_unique.cpp" />
		<Unit filename="src\csved_util.cpp" />
		<Unit filename="src\csved_valid.cpp" />
		<Unit filename="test\correct\atable.test" />
		<Unit filename="test\correct\case.test" />
		<Unit filename="test\correct\dates.test" />
		<Unit filename="test\correct\echo.test" />
		<Unit filename="test\correct\edit.test" />
		<Unit filename="test\correct\escape.test" />
		<Unit filename="test\correct\eval.test" />
		<Unit filename="test\correct\exclude.test" />
		<Unit filename="test\correct\exec.test" />
		<Unit filename="test\correct\fileinfo.test" />
		<Unit filename="test\correct\find.test" />
		<Unit filename="test\correct\fixed.test" />
		<Unit filename="test\correct\flatten.test" />
		<Unit filename="test\correct\inter.test" />
		<Unit filename="test\correct\join.test" />
		<Unit filename="test\correct\map.test" />
		<Unit filename="test\correct\merge.test" />
		<Unit filename="test\correct\mline.test" />
		<Unit filename="test\correct\multi.test" />
		<Unit filename="test\correct\order.test" />
		<Unit filename="test\correct\out_join.test" />
		<Unit filename="test\correct\pad.test" />
		<Unit filename="test\correct\printf.test" />
		<Unit filename="test\correct\put.test" />
		<Unit filename="test\correct\read_dsv.test" />
		<Unit filename="test\correct\retsep.test" />
		<Unit filename="test\correct\sequence.test" />
		<Unit filename="test\correct\shuffle.test" />
		<Unit filename="test\correct\smoke.test" />
		<Unit filename="test\correct\sort.test" />
		<Unit filename="test\correct\specquote.test" />
		<Unit filename="test\correct\split.test" />
		<Unit filename="test\correct\sql_delete.test" />
		<Unit filename="test\correct\sql_insert.test" />
		<Unit filename="test\correct\sql_update.test" />
		<Unit filename="test\correct\table.test" />
		<Unit filename="test\correct\template.test" />
		<Unit filename="test\correct\toxml.test" />
		<Unit filename="test\correct\trim.test" />
		<Unit filename="test\correct\unique.test" />
		<Unit filename="test\correct\val_fields.test" />
		<Unit filename="test\correct\write_dsv.test" />
		<Unit filename="test\correct\xml_simple.test" />
		<Unit filename="test\data\army.csv" />
		<Unit filename="test\data\bad.xml" />
		<Unit filename="test\data\bad_names.csv" />
		<Unit filename="test\data\birthdays.csv" />
		<Unit filename="test\data\books.csv" />
		<Unit filename="test\data\books.xml" />
		<Unit filename="test\data\books.xsp" />
		<Unit filename="test\data\books2.xsp" />
		<Unit filename="test\data\books_title.csv" />
		<Unit filename="test\data\books_title.xsp" />
		<Unit filename="test\data\bookspec.xml" />
		<Unit filename="test\data\cities.csv" />
		<Unit filename="test\data\classmem.csv" />
		<Unit filename="test\data\countries.csv" />
		<Unit filename="test\data\countries.vdf" />
		<Unit filename="test\data\dates.csv" />
		<Unit filename="test\data\emp.csv" />
		<Unit filename="test\data\f2empty.csv" />
		<Unit filename="test\data\fixed.dat" />
		<Unit filename="test\data\fixed_names.dat" />
		<Unit filename="test\data\flat.csv" />
		<Unit filename="test\data\gbnl.csv" />
		<Unit filename="test\data\issue12_1.csv" />
		<Unit filename="test\data\issue12_2.csv" />
		<Unit filename="test\data\minmax.csv" />
		<Unit filename="test\data\multiline.csv" />
		<Unit filename="test\data\multiline.txt" />
		<Unit filename="test\data\names.csv" />
		<Unit filename="test\data\names.tpl" />
		<Unit filename="test\data\names_sc.csv" />
		<Unit filename="test\data\names_sc2.csv" />
		<Unit filename="test\data\names_scs.csv" />
		<Unit filename="test\data\nested.xml" />
		<Unit filename="test\data\numbers.csv" />
		<Unit filename="test\data\operators.dsv" />
		<Unit filename="test\data\paths.xml" />
		<Unit filename="test\data\pets.csv" />
		<Unit filename="test\data\pets.xsp" />
		<Unit filename="test\data\post.csv" />
		<Unit filename="test\data\sales_quarter.csv" />
		<Unit filename="test\data\sample.dsv" />
		<Unit filename="test\data\simple.xml" />
		<Unit filename="test\data\spaces.csv" />
		<Unit filename="test\data\sqlnull.csv" />
		<Unit filename="test\data\ssjoin1.csv" />
		<Unit filename="test\data\ssjoin2.csv" />
		<Unit filename="test\data\ssjoin3.csv" />
		<Unit filename="test\data\table.xml" />
		<Unit filename="test\data\tabsep.txt" />
		<Unit filename="test\data\template.txt" />
		<Unit filename="test\data\unflat.csv" />
		<Unit filename="test\data\unique.csv" />
		<Unit filename="test\data\val_fields.csv" />
		<Unit filename="test\data\val_fields.txt" />
		<Unit filename="test\data\varfields.csv" />
		<Unit filename="test\data\xmlspec1.txt" />
		<Unit filename="test\readme.txt" />
		<Unit filename="test\rules\date.txt" />
		<Unit filename="test\rules\fields.txt" />
		<Unit filename="test\rules\length.txt" />
		<Unit filename="test\rules\lookup.txt" />
		<Unit filename="test\rules\notempty.txt" />
		<Unit filename="test\rules\numeric.txt" />
		<Unit filename="test\rules\require.txt" />
		<Unit filename="test\rules\val_names.txt" />
		<Unit filename="test\rules\values.txt" />
		<Unit filename="test\run1" />
		<Unit filename="test\runall" />
		<Unit filename="test\runall.cmd" />
		<Unit filename="test\runsrc" />
		<Unit filename="test\tests\atable.test" />
		<Unit filename="test\tests\case.test" />
		<Unit filename="test\tests\dates.test" />
		<Unit filename="test\tests\echo.test" />
		<Unit filename="test\tests\edit.test" />
		<Unit filename="test\tests\escape.test" />
		<Unit filename="test\tests\eval.test" />
		<Unit filename="test\tests\exclude.test" />
		<Unit filename="test\tests\exec.test" />
		<Unit filename="test\tests\fileinfo.test" />
		<Unit filename="test\tests\find.test" />
		<Unit filename="test\tests\fixed.test" />
		<Unit filename="test\tests\flatten.test" />
		<Unit filename="test\tests\from_xml.test" />
		<Unit filename="test\tests\inter.test" />
		<Unit filename="test\tests\join.test" />
		<Unit filename="test\tests\lines.txt" />
		<Unit filename="test\tests\map.test" />
		<Unit filename="test\tests\merge.test" />
		<Unit filename="test\tests\mline.test" />
		<Unit filename="test\tests\multi.test" />
		<Unit filename="test\tests\order.test" />
		<Unit filename="test\tests\out_join.test" />
		<Unit filename="test\tests\pad.test" />
		<Unit filename="test\tests\printf.test" />
		<Unit filename="test\tests\put.test" />
		<Unit filename="test\tests\read_dsv.test" />
		<Unit filename="test\tests\retsep.test" />
		<Unit filename="test\tests\sequence.test" />
		<Unit filename="test\tests\shuffle.test" />
		<Unit filename="test\tests\smoke.test" />
		<Unit filename="test\tests\sort.test" />
		<Unit filename="test\tests\specquote.test" />
		<Unit filename="test\tests\split.test" />
		<Unit filename="test\tests\sql_delete.test" />
		<Unit filename="test\tests\sql_insert.test" />
		<Unit filename="test\tests\sql_update.test" />
		<Unit filename="test\tests\src2test\csved_fromxml.cpp.test" />
		<Unit filename="test\tests\src2test\csved_join.cpp.test" />
		<Unit filename="test\tests\template.test" />
		<Unit filename="test\tests\toxml.test" />
		<Unit filename="test\tests\trim.test" />
		<Unit filename="test\tests\unique.test" />
		<Unit filename="test\tests\val_fields.test" />
		<Unit filename="test\tests\write_dsv.test" />
		<Extensions>
			<code_completion />
			<debugger />
			<envvars />
			<DoxyBlocks>
				<comment_style block="0" line="0" />
				<doxyfile_project />
				<doxyfile_build />
				<doxyfile_warnings />
				<doxyfile_output />
				<doxyfile_dot />
				<general />
			</DoxyBlocks>
		</Extensions>
	</Project>
</CodeBlocks_project_file>
